// !$*UTF8*$!
{
	archiveVersion = 1;
	classes = {
	};
	objectVersion = 54;
	objects = {

/* Begin PBXBuildFile section */
		00E356F31AD99517003FC87E /* DesmosProfileManagerTests.m in Sources */ = {isa = PBXBuildFile; fileRef = 00E356F21AD99517003FC87E /* DesmosProfileManagerTests.m */; };
		0886D6E1AC51494CB60C05A2 /* desmos.ttf in Resources */ = {isa = PBXBuildFile; fileRef = F46470D4008B41079D9374EF /* desmos.ttf */; };
		13B07FBC1A68108700A75B9A /* AppDelegate.m in Sources */ = {isa = PBXBuildFile; fileRef = 13B07FB01A68108700A75B9A /* AppDelegate.m */; };
		13B07FBF1A68108700A75B9A /* Images.xcassets in Resources */ = {isa = PBXBuildFile; fileRef = 13B07FB51A68108700A75B9A /* Images.xcassets */; };
		13B07FC11A68108700A75B9A /* main.m in Sources */ = {isa = PBXBuildFile; fileRef = 13B07FB71A68108700A75B9A /* main.m */; };
		28BB3B5DE0514D84A628CC14 /* Poppins-BoldItalic.ttf in Resources */ = {isa = PBXBuildFile; fileRef = 9D9D0461843A47EEB71EC40C /* Poppins-BoldItalic.ttf */; };
		405DCBF81F0847B5AE9836A7 /* Poppins-ThinItalic.ttf in Resources */ = {isa = PBXBuildFile; fileRef = E69974F401C44E90B1C6B282 /* Poppins-ThinItalic.ttf */; };
		4C3F9D5B8C224B46A3FC6D6B /* Poppins-Light.ttf in Resources */ = {isa = PBXBuildFile; fileRef = CFF5CCE419D8475C9536182A /* Poppins-Light.ttf */; };
		68985BE6EB6E4E08B7BF876C /* Poppins-MediumItalic.ttf in Resources */ = {isa = PBXBuildFile; fileRef = 320F2F417D29497F8F5B0F47 /* Poppins-MediumItalic.ttf */; };
		6FA7EE685E124F52A451502C /* Poppins-SemiBoldItalic.ttf in Resources */ = {isa = PBXBuildFile; fileRef = 21CF693A34F54D63AEC13483 /* Poppins-SemiBoldItalic.ttf */; };
		70B78DACAD0A41A7BD3FA46E /* Poppins-Black.ttf in Resources */ = {isa = PBXBuildFile; fileRef = E3457559EF2E4BB1AF51DEC3 /* Poppins-Black.ttf */; };
		7F1492D2B6EE447C8B615584 /* Poppins-Medium.ttf in Resources */ = {isa = PBXBuildFile; fileRef = 3E15D5EF91694AD88C66B223 /* Poppins-Medium.ttf */; };
		81AB9BB82411601600AC10FF /* LaunchScreen.storyboard in Resources */ = {isa = PBXBuildFile; fileRef = 81AB9BB72411601600AC10FF /* LaunchScreen.storyboard */; };
		8AC5B9C01AF156A3395051BC /* libPods-DesmosProfileManager-RCTCryptoUtilsTests.a in Frameworks */ = {isa = PBXBuildFile; fileRef = 9DA4AD69EF3CFF1B336E0971 /* libPods-DesmosProfileManager-RCTCryptoUtilsTests.a */; };
		8B3C032F597F44A09A083818 /* Poppins-BlackItalic.ttf in Resources */ = {isa = PBXBuildFile; fileRef = FF94A306EFE1444E81553804 /* Poppins-BlackItalic.ttf */; };
		922570EF41A14BD9B772045F /* Poppins-Bold.ttf in Resources */ = {isa = PBXBuildFile; fileRef = 4D67F36C44B0405991126A22 /* Poppins-Bold.ttf */; };
		A5332E395EE647A4A873F975 /* Poppins-Italic.ttf in Resources */ = {isa = PBXBuildFile; fileRef = 639E5BF81311469F86C9DAEE /* Poppins-Italic.ttf */; };
		A701DE80270DFC070092C404 /* RCTCryptoUtilsTests.swift in Sources */ = {isa = PBXBuildFile; fileRef = A701DE7F270DFC070092C404 /* RCTCryptoUtilsTests.swift */; };
		A789FD3D270CA25F00EFC6CF /* RCTCryptoUtils.swift in Sources */ = {isa = PBXBuildFile; fileRef = A789FD3C270CA25F00EFC6CF /* RCTCryptoUtils.swift */; };
		A789FD3F270CA2AE00EFC6CF /* RCTCryptoUtils.m in Sources */ = {isa = PBXBuildFile; fileRef = A789FD3E270CA2AE00EFC6CF /* RCTCryptoUtils.m */; };
		AEC82896316F4BBE8FFE44CA /* Poppins-ExtraLight.ttf in Resources */ = {isa = PBXBuildFile; fileRef = EFA30568E65844538BEA4D1A /* Poppins-ExtraLight.ttf */; };
		B17B0E5D3C7326DF355B4DDE /* libPods-DesmosProfileManager-DesmosProfileManagerTests.a in Frameworks */ = {isa = PBXBuildFile; fileRef = 974794EDB5E9F632DCF31CD9 /* libPods-DesmosProfileManager-DesmosProfileManagerTests.a */; };
		B9E40D5F9E7D4C64B7C04303 /* Poppins-ExtraBold.ttf in Resources */ = {isa = PBXBuildFile; fileRef = A04B88C22A2D438B97F332BE /* Poppins-ExtraBold.ttf */; };
		BB19B35A66104743AC1C7084 /* Poppins-SemiBold.ttf in Resources */ = {isa = PBXBuildFile; fileRef = BD3C72ADB6DD44599D196CE8 /* Poppins-SemiBold.ttf */; };
		C44315ACF702480EA9DC4E97 /* Poppins-ExtraLightItalic.ttf in Resources */ = {isa = PBXBuildFile; fileRef = B31412A568D14CE4A0962F9F /* Poppins-ExtraLightItalic.ttf */; };
		C86D3C088AF74C05B709D615 /* Poppins-Regular.ttf in Resources */ = {isa = PBXBuildFile; fileRef = 62098569FC5B44D494CCCF64 /* Poppins-Regular.ttf */; };
		D66B16713C8C42A5811E8E29 /* Poppins-ExtraBoldItalic.ttf in Resources */ = {isa = PBXBuildFile; fileRef = 8E40F3F35BD847558FAA0F54 /* Poppins-ExtraBoldItalic.ttf */; };
		D94C7B441B8B40A795BF011B /* Poppins-LightItalic.ttf in Resources */ = {isa = PBXBuildFile; fileRef = 3F3F50407EBD4E28867C49E7 /* Poppins-LightItalic.ttf */; };
		E3575F8BBEE045F59114EFB8 /* Poppins-Thin.ttf in Resources */ = {isa = PBXBuildFile; fileRef = B78C87878C2145B1995F55B7 /* Poppins-Thin.ttf */; };
		F2FA814145E7ADFE9267351E /* libPods-DesmosProfileManager.a in Frameworks */ = {isa = PBXBuildFile; fileRef = 306AEECA0B58C9F8022AB368 /* libPods-DesmosProfileManager.a */; };
/* End PBXBuildFile section */

/* Begin PBXContainerItemProxy section */
		00E356F41AD99517003FC87E /* PBXContainerItemProxy */ = {
			isa = PBXContainerItemProxy;
			containerPortal = 83CBB9F71A601CBA00E9B192 /* Project object */;
			proxyType = 1;
			remoteGlobalIDString = 13B07F861A680F5B00A75B9A;
			remoteInfo = DesmosProfileManager;
		};
		A701DE81270DFC070092C404 /* PBXContainerItemProxy */ = {
			isa = PBXContainerItemProxy;
			containerPortal = 83CBB9F71A601CBA00E9B192 /* Project object */;
			proxyType = 1;
			remoteGlobalIDString = 13B07F861A680F5B00A75B9A;
			remoteInfo = DesmosProfileManager;
		};
/* End PBXContainerItemProxy section */

/* Begin PBXFileReference section */
		00E356EE1AD99517003FC87E /* DesmosProfileManagerTests.xctest */ = {isa = PBXFileReference; explicitFileType = wrapper.cfbundle; includeInIndex = 0; path = DesmosProfileManagerTests.xctest; sourceTree = BUILT_PRODUCTS_DIR; };
		00E356F11AD99517003FC87E /* Info.plist */ = {isa = PBXFileReference; lastKnownFileType = text.plist.xml; path = Info.plist; sourceTree = "<group>"; };
		00E356F21AD99517003FC87E /* DesmosProfileManagerTests.m */ = {isa = PBXFileReference; lastKnownFileType = sourcecode.c.objc; path = DesmosProfileManagerTests.m; sourceTree = "<group>"; };
		03F2F4E3CB714913B7B5D4BC /* Feather.ttf */ = {isa = PBXFileReference; explicitFileType = undefined; fileEncoding = 9; includeInIndex = 0; lastKnownFileType = unknown; name = Feather.ttf; path = "../node_modules/react-native-vector-icons/Fonts/Feather.ttf"; sourceTree = "<group>"; };
		074621ED936F4F43A6D0BA1D /* FontAwesome5_Brands.ttf */ = {isa = PBXFileReference; explicitFileType = undefined; fileEncoding = 9; includeInIndex = 0; lastKnownFileType = unknown; name = FontAwesome5_Brands.ttf; path = "../node_modules/react-native-vector-icons/Fonts/FontAwesome5_Brands.ttf"; sourceTree = "<group>"; };
		13B07F961A680F5B00A75B9A /* DesmosProfileManager.app */ = {isa = PBXFileReference; explicitFileType = wrapper.application; includeInIndex = 0; path = DesmosProfileManager.app; sourceTree = BUILT_PRODUCTS_DIR; };
		13B07FAF1A68108700A75B9A /* AppDelegate.h */ = {isa = PBXFileReference; fileEncoding = 4; lastKnownFileType = sourcecode.c.h; name = AppDelegate.h; path = DesmosProfileManager/AppDelegate.h; sourceTree = "<group>"; };
		13B07FB01A68108700A75B9A /* AppDelegate.m */ = {isa = PBXFileReference; fileEncoding = 4; lastKnownFileType = sourcecode.c.objc; name = AppDelegate.m; path = DesmosProfileManager/AppDelegate.m; sourceTree = "<group>"; };
		13B07FB51A68108700A75B9A /* Images.xcassets */ = {isa = PBXFileReference; lastKnownFileType = folder.assetcatalog; name = Images.xcassets; path = DesmosProfileManager/Images.xcassets; sourceTree = "<group>"; };
		13B07FB61A68108700A75B9A /* Info.plist */ = {isa = PBXFileReference; fileEncoding = 4; lastKnownFileType = text.plist.xml; name = Info.plist; path = DesmosProfileManager/Info.plist; sourceTree = "<group>"; };
		13B07FB71A68108700A75B9A /* main.m */ = {isa = PBXFileReference; fileEncoding = 4; lastKnownFileType = sourcecode.c.objc; name = main.m; path = DesmosProfileManager/main.m; sourceTree = "<group>"; };
		21CF693A34F54D63AEC13483 /* Poppins-SemiBoldItalic.ttf */ = {isa = PBXFileReference; explicitFileType = undefined; fileEncoding = 9; includeInIndex = 0; lastKnownFileType = unknown; name = "Poppins-SemiBoldItalic.ttf"; path = "../assets/fonts/Poppins-SemiBoldItalic.ttf"; sourceTree = "<group>"; };
		2CB4529CE0F942D19BD2A37A /* SimpleLineIcons.ttf */ = {isa = PBXFileReference; explicitFileType = undefined; fileEncoding = 9; includeInIndex = 0; lastKnownFileType = unknown; name = SimpleLineIcons.ttf; path = "../node_modules/react-native-vector-icons/Fonts/SimpleLineIcons.ttf"; sourceTree = "<group>"; };
		306AEECA0B58C9F8022AB368 /* libPods-DesmosProfileManager.a */ = {isa = PBXFileReference; explicitFileType = archive.ar; includeInIndex = 0; path = "libPods-DesmosProfileManager.a"; sourceTree = BUILT_PRODUCTS_DIR; };
		31467935E441053EFDF89256 /* Pods-RCTCryptoUtilsTests.release.xcconfig */ = {isa = PBXFileReference; includeInIndex = 1; lastKnownFileType = text.xcconfig; name = "Pods-RCTCryptoUtilsTests.release.xcconfig"; path = "Target Support Files/Pods-RCTCryptoUtilsTests/Pods-RCTCryptoUtilsTests.release.xcconfig"; sourceTree = "<group>"; };
		320F2F417D29497F8F5B0F47 /* Poppins-MediumItalic.ttf */ = {isa = PBXFileReference; explicitFileType = undefined; fileEncoding = 9; includeInIndex = 0; lastKnownFileType = unknown; name = "Poppins-MediumItalic.ttf"; path = "../assets/fonts/Poppins-MediumItalic.ttf"; sourceTree = "<group>"; };
		368EE92ED07F4198875A23BC /* AntDesign.ttf */ = {isa = PBXFileReference; explicitFileType = undefined; fileEncoding = 9; includeInIndex = 0; lastKnownFileType = unknown; name = AntDesign.ttf; path = "../node_modules/react-native-vector-icons/Fonts/AntDesign.ttf"; sourceTree = "<group>"; };
		3C4693598A8A4594A31A84CE /* Zocial.ttf */ = {isa = PBXFileReference; explicitFileType = undefined; fileEncoding = 9; includeInIndex = 0; lastKnownFileType = unknown; name = Zocial.ttf; path = "../node_modules/react-native-vector-icons/Fonts/Zocial.ttf"; sourceTree = "<group>"; };
		3E15D5EF91694AD88C66B223 /* Poppins-Medium.ttf */ = {isa = PBXFileReference; explicitFileType = undefined; fileEncoding = 9; includeInIndex = 0; lastKnownFileType = unknown; name = "Poppins-Medium.ttf"; path = "../assets/fonts/Poppins-Medium.ttf"; sourceTree = "<group>"; };
		3F3F50407EBD4E28867C49E7 /* Poppins-LightItalic.ttf */ = {isa = PBXFileReference; explicitFileType = undefined; fileEncoding = 9; includeInIndex = 0; lastKnownFileType = unknown; name = "Poppins-LightItalic.ttf"; path = "../assets/fonts/Poppins-LightItalic.ttf"; sourceTree = "<group>"; };
		47D2700756EC45589495227F /* Octicons.ttf */ = {isa = PBXFileReference; explicitFileType = undefined; fileEncoding = 9; includeInIndex = 0; lastKnownFileType = unknown; name = Octicons.ttf; path = "../node_modules/react-native-vector-icons/Fonts/Octicons.ttf"; sourceTree = "<group>"; };
		4A9F16BE5A9A1926A3D3E218 /* Pods-DesmosProfileManager.release.xcconfig */ = {isa = PBXFileReference; includeInIndex = 1; lastKnownFileType = text.xcconfig; name = "Pods-DesmosProfileManager.release.xcconfig"; path = "Target Support Files/Pods-DesmosProfileManager/Pods-DesmosProfileManager.release.xcconfig"; sourceTree = "<group>"; };
		4BB2656503FB4C8BBB4C556C /* Foundation.ttf */ = {isa = PBXFileReference; explicitFileType = undefined; fileEncoding = 9; includeInIndex = 0; lastKnownFileType = unknown; name = Foundation.ttf; path = "../node_modules/react-native-vector-icons/Fonts/Foundation.ttf"; sourceTree = "<group>"; };
		4D67F36C44B0405991126A22 /* Poppins-Bold.ttf */ = {isa = PBXFileReference; explicitFileType = undefined; fileEncoding = 9; includeInIndex = 0; lastKnownFileType = unknown; name = "Poppins-Bold.ttf"; path = "../assets/fonts/Poppins-Bold.ttf"; sourceTree = "<group>"; };
		5F686463C7C642C98DB6BF70 /* Entypo.ttf */ = {isa = PBXFileReference; explicitFileType = undefined; fileEncoding = 9; includeInIndex = 0; lastKnownFileType = unknown; name = Entypo.ttf; path = "../node_modules/react-native-vector-icons/Fonts/Entypo.ttf"; sourceTree = "<group>"; };
		62098569FC5B44D494CCCF64 /* Poppins-Regular.ttf */ = {isa = PBXFileReference; explicitFileType = undefined; fileEncoding = 9; includeInIndex = 0; lastKnownFileType = unknown; name = "Poppins-Regular.ttf"; path = "../assets/fonts/Poppins-Regular.ttf"; sourceTree = "<group>"; };
		639E5BF81311469F86C9DAEE /* Poppins-Italic.ttf */ = {isa = PBXFileReference; explicitFileType = undefined; fileEncoding = 9; includeInIndex = 0; lastKnownFileType = unknown; name = "Poppins-Italic.ttf"; path = "../assets/fonts/Poppins-Italic.ttf"; sourceTree = "<group>"; };
		7097FC34307D4347A9EDD53F /* MaterialIcons.ttf */ = {isa = PBXFileReference; explicitFileType = undefined; fileEncoding = 9; includeInIndex = 0; lastKnownFileType = unknown; name = MaterialIcons.ttf; path = "../node_modules/react-native-vector-icons/Fonts/MaterialIcons.ttf"; sourceTree = "<group>"; };
		8056E480C5BC26D54EC213A9 /* Pods-DesmosProfileManager-RCTCryptoUtilsTests.release.xcconfig */ = {isa = PBXFileReference; includeInIndex = 1; lastKnownFileType = text.xcconfig; name = "Pods-DesmosProfileManager-RCTCryptoUtilsTests.release.xcconfig"; path = "Target Support Files/Pods-DesmosProfileManager-RCTCryptoUtilsTests/Pods-DesmosProfileManager-RCTCryptoUtilsTests.release.xcconfig"; sourceTree = "<group>"; };
		818B79F14BB14583BBB4E3AB /* Fontisto.ttf */ = {isa = PBXFileReference; explicitFileType = undefined; fileEncoding = 9; includeInIndex = 0; lastKnownFileType = unknown; name = Fontisto.ttf; path = "../node_modules/react-native-vector-icons/Fonts/Fontisto.ttf"; sourceTree = "<group>"; };
		81AB9BB72411601600AC10FF /* LaunchScreen.storyboard */ = {isa = PBXFileReference; fileEncoding = 4; lastKnownFileType = file.storyboard; name = LaunchScreen.storyboard; path = DesmosProfileManager/LaunchScreen.storyboard; sourceTree = "<group>"; };
		89FE99CA0F8B4B35AC97EEB4 /* FontAwesome5_Regular.ttf */ = {isa = PBXFileReference; explicitFileType = undefined; fileEncoding = 9; includeInIndex = 0; lastKnownFileType = unknown; name = FontAwesome5_Regular.ttf; path = "../node_modules/react-native-vector-icons/Fonts/FontAwesome5_Regular.ttf"; sourceTree = "<group>"; };
		8C25932F2FA5BE96256DCC9E /* Pods-DesmosProfileManager.debug.xcconfig */ = {isa = PBXFileReference; includeInIndex = 1; lastKnownFileType = text.xcconfig; name = "Pods-DesmosProfileManager.debug.xcconfig"; path = "Target Support Files/Pods-DesmosProfileManager/Pods-DesmosProfileManager.debug.xcconfig"; sourceTree = "<group>"; };
		8E40F3F35BD847558FAA0F54 /* Poppins-ExtraBoldItalic.ttf */ = {isa = PBXFileReference; explicitFileType = undefined; fileEncoding = 9; includeInIndex = 0; lastKnownFileType = unknown; name = "Poppins-ExtraBoldItalic.ttf"; path = "../assets/fonts/Poppins-ExtraBoldItalic.ttf"; sourceTree = "<group>"; };
		974794EDB5E9F632DCF31CD9 /* libPods-DesmosProfileManager-DesmosProfileManagerTests.a */ = {isa = PBXFileReference; explicitFileType = archive.ar; includeInIndex = 0; path = "libPods-DesmosProfileManager-DesmosProfileManagerTests.a"; sourceTree = BUILT_PRODUCTS_DIR; };
		9D9D0461843A47EEB71EC40C /* Poppins-BoldItalic.ttf */ = {isa = PBXFileReference; explicitFileType = undefined; fileEncoding = 9; includeInIndex = 0; lastKnownFileType = unknown; name = "Poppins-BoldItalic.ttf"; path = "../assets/fonts/Poppins-BoldItalic.ttf"; sourceTree = "<group>"; };
		9DA4AD69EF3CFF1B336E0971 /* libPods-DesmosProfileManager-RCTCryptoUtilsTests.a */ = {isa = PBXFileReference; explicitFileType = archive.ar; includeInIndex = 0; path = "libPods-DesmosProfileManager-RCTCryptoUtilsTests.a"; sourceTree = BUILT_PRODUCTS_DIR; };
		9EABCC2A8BA34E11B34155B2 /* FontAwesome5_Solid.ttf */ = {isa = PBXFileReference; explicitFileType = undefined; fileEncoding = 9; includeInIndex = 0; lastKnownFileType = unknown; name = FontAwesome5_Solid.ttf; path = "../node_modules/react-native-vector-icons/Fonts/FontAwesome5_Solid.ttf"; sourceTree = "<group>"; };
		A04B88C22A2D438B97F332BE /* Poppins-ExtraBold.ttf */ = {isa = PBXFileReference; explicitFileType = undefined; fileEncoding = 9; includeInIndex = 0; lastKnownFileType = unknown; name = "Poppins-ExtraBold.ttf"; path = "../assets/fonts/Poppins-ExtraBold.ttf"; sourceTree = "<group>"; };
		A701DE7D270DFC070092C404 /* RCTCryptoUtilsTests.xctest */ = {isa = PBXFileReference; explicitFileType = wrapper.cfbundle; includeInIndex = 0; path = RCTCryptoUtilsTests.xctest; sourceTree = BUILT_PRODUCTS_DIR; };
		A701DE7F270DFC070092C404 /* RCTCryptoUtilsTests.swift */ = {isa = PBXFileReference; lastKnownFileType = sourcecode.swift; path = RCTCryptoUtilsTests.swift; sourceTree = "<group>"; };
		A789FD3B270CA25E00EFC6CF /* DesmosProfileManager-Bridging-Header.h */ = {isa = PBXFileReference; lastKnownFileType = sourcecode.c.h; path = "DesmosProfileManager-Bridging-Header.h"; sourceTree = "<group>"; };
		A789FD3C270CA25F00EFC6CF /* RCTCryptoUtils.swift */ = {isa = PBXFileReference; lastKnownFileType = sourcecode.swift; name = RCTCryptoUtils.swift; path = DesmosProfileManager/RCTCryptoUtils.swift; sourceTree = "<group>"; };
		A789FD3E270CA2AE00EFC6CF /* RCTCryptoUtils.m */ = {isa = PBXFileReference; lastKnownFileType = sourcecode.c.objc; path = RCTCryptoUtils.m; sourceTree = "<group>"; };
		B030A1C7CB4E4C4F98C12B7E /* FontAwesome.ttf */ = {isa = PBXFileReference; explicitFileType = undefined; fileEncoding = 9; includeInIndex = 0; lastKnownFileType = unknown; name = FontAwesome.ttf; path = "../node_modules/react-native-vector-icons/Fonts/FontAwesome.ttf"; sourceTree = "<group>"; };
		B31412A568D14CE4A0962F9F /* Poppins-ExtraLightItalic.ttf */ = {isa = PBXFileReference; explicitFileType = undefined; fileEncoding = 9; includeInIndex = 0; lastKnownFileType = unknown; name = "Poppins-ExtraLightItalic.ttf"; path = "../assets/fonts/Poppins-ExtraLightItalic.ttf"; sourceTree = "<group>"; };
		B78C87878C2145B1995F55B7 /* Poppins-Thin.ttf */ = {isa = PBXFileReference; explicitFileType = undefined; fileEncoding = 9; includeInIndex = 0; lastKnownFileType = unknown; name = "Poppins-Thin.ttf"; path = "../assets/fonts/Poppins-Thin.ttf"; sourceTree = "<group>"; };
		BD3C72ADB6DD44599D196CE8 /* Poppins-SemiBold.ttf */ = {isa = PBXFileReference; explicitFileType = undefined; fileEncoding = 9; includeInIndex = 0; lastKnownFileType = unknown; name = "Poppins-SemiBold.ttf"; path = "../assets/fonts/Poppins-SemiBold.ttf"; sourceTree = "<group>"; };
		BFD5F878002B449DA26EC9B3 /* Ionicons.ttf */ = {isa = PBXFileReference; explicitFileType = undefined; fileEncoding = 9; includeInIndex = 0; lastKnownFileType = unknown; name = Ionicons.ttf; path = "../node_modules/react-native-vector-icons/Fonts/Ionicons.ttf"; sourceTree = "<group>"; };
		CFF5CCE419D8475C9536182A /* Poppins-Light.ttf */ = {isa = PBXFileReference; explicitFileType = undefined; fileEncoding = 9; includeInIndex = 0; lastKnownFileType = unknown; name = "Poppins-Light.ttf"; path = "../assets/fonts/Poppins-Light.ttf"; sourceTree = "<group>"; };
		E3457559EF2E4BB1AF51DEC3 /* Poppins-Black.ttf */ = {isa = PBXFileReference; explicitFileType = undefined; fileEncoding = 9; includeInIndex = 0; lastKnownFileType = unknown; name = "Poppins-Black.ttf"; path = "../assets/fonts/Poppins-Black.ttf"; sourceTree = "<group>"; };
		E34A2C5CAAC8459F8D887101 /* EvilIcons.ttf */ = {isa = PBXFileReference; explicitFileType = undefined; fileEncoding = 9; includeInIndex = 0; lastKnownFileType = unknown; name = EvilIcons.ttf; path = "../node_modules/react-native-vector-icons/Fonts/EvilIcons.ttf"; sourceTree = "<group>"; };
		E69974F401C44E90B1C6B282 /* Poppins-ThinItalic.ttf */ = {isa = PBXFileReference; explicitFileType = undefined; fileEncoding = 9; includeInIndex = 0; lastKnownFileType = unknown; name = "Poppins-ThinItalic.ttf"; path = "../assets/fonts/Poppins-ThinItalic.ttf"; sourceTree = "<group>"; };
		EBF98EC78B7941B69F44E9C7 /* MaterialCommunityIcons.ttf */ = {isa = PBXFileReference; explicitFileType = undefined; fileEncoding = 9; includeInIndex = 0; lastKnownFileType = unknown; name = MaterialCommunityIcons.ttf; path = "../node_modules/react-native-vector-icons/Fonts/MaterialCommunityIcons.ttf"; sourceTree = "<group>"; };
		ECAF28AE528752C204F5294A /* Pods-DesmosProfileManager-DesmosProfileManagerTests.release.xcconfig */ = {isa = PBXFileReference; includeInIndex = 1; lastKnownFileType = text.xcconfig; name = "Pods-DesmosProfileManager-DesmosProfileManagerTests.release.xcconfig"; path = "Target Support Files/Pods-DesmosProfileManager-DesmosProfileManagerTests/Pods-DesmosProfileManager-DesmosProfileManagerTests.release.xcconfig"; sourceTree = "<group>"; };
		ED297162215061F000B7C4FE /* JavaScriptCore.framework */ = {isa = PBXFileReference; lastKnownFileType = wrapper.framework; name = JavaScriptCore.framework; path = System/Library/Frameworks/JavaScriptCore.framework; sourceTree = SDKROOT; };
		EFA30568E65844538BEA4D1A /* Poppins-ExtraLight.ttf */ = {isa = PBXFileReference; explicitFileType = undefined; fileEncoding = 9; includeInIndex = 0; lastKnownFileType = unknown; name = "Poppins-ExtraLight.ttf"; path = "../assets/fonts/Poppins-ExtraLight.ttf"; sourceTree = "<group>"; };
		F46470D4008B41079D9374EF /* desmos.ttf */ = {isa = PBXFileReference; explicitFileType = undefined; fileEncoding = 9; includeInIndex = 0; lastKnownFileType = unknown; name = desmos.ttf; path = ../assets/fonts/desmos.ttf; sourceTree = "<group>"; };
		F4ACCAF0BDA95CC09DB6D308 /* Pods-DesmosProfileManager-DesmosProfileManagerTests.debug.xcconfig */ = {isa = PBXFileReference; includeInIndex = 1; lastKnownFileType = text.xcconfig; name = "Pods-DesmosProfileManager-DesmosProfileManagerTests.debug.xcconfig"; path = "Target Support Files/Pods-DesmosProfileManager-DesmosProfileManagerTests/Pods-DesmosProfileManager-DesmosProfileManagerTests.debug.xcconfig"; sourceTree = "<group>"; };
		F4CCEB3A72DFECF367E2CC5D /* Pods-RCTCryptoUtilsTests.debug.xcconfig */ = {isa = PBXFileReference; includeInIndex = 1; lastKnownFileType = text.xcconfig; name = "Pods-RCTCryptoUtilsTests.debug.xcconfig"; path = "Target Support Files/Pods-RCTCryptoUtilsTests/Pods-RCTCryptoUtilsTests.debug.xcconfig"; sourceTree = "<group>"; };
		FBC25241171DC577552836CC /* Pods-DesmosProfileManager-RCTCryptoUtilsTests.debug.xcconfig */ = {isa = PBXFileReference; includeInIndex = 1; lastKnownFileType = text.xcconfig; name = "Pods-DesmosProfileManager-RCTCryptoUtilsTests.debug.xcconfig"; path = "Target Support Files/Pods-DesmosProfileManager-RCTCryptoUtilsTests/Pods-DesmosProfileManager-RCTCryptoUtilsTests.debug.xcconfig"; sourceTree = "<group>"; };
		FF94A306EFE1444E81553804 /* Poppins-BlackItalic.ttf */ = {isa = PBXFileReference; explicitFileType = undefined; fileEncoding = 9; includeInIndex = 0; lastKnownFileType = unknown; name = "Poppins-BlackItalic.ttf"; path = "../assets/fonts/Poppins-BlackItalic.ttf"; sourceTree = "<group>"; };
/* End PBXFileReference section */

/* Begin PBXFrameworksBuildPhase section */
		00E356EB1AD99517003FC87E /* Frameworks */ = {
			isa = PBXFrameworksBuildPhase;
			buildActionMask = 2147483647;
			files = (
				B17B0E5D3C7326DF355B4DDE /* libPods-DesmosProfileManager-DesmosProfileManagerTests.a in Frameworks */,
			);
			runOnlyForDeploymentPostprocessing = 0;
		};
		13B07F8C1A680F5B00A75B9A /* Frameworks */ = {
			isa = PBXFrameworksBuildPhase;
			buildActionMask = 2147483647;
			files = (
				F2FA814145E7ADFE9267351E /* libPods-DesmosProfileManager.a in Frameworks */,
			);
			runOnlyForDeploymentPostprocessing = 0;
		};
		A701DE7A270DFC070092C404 /* Frameworks */ = {
			isa = PBXFrameworksBuildPhase;
			buildActionMask = 2147483647;
			files = (
				8AC5B9C01AF156A3395051BC /* libPods-DesmosProfileManager-RCTCryptoUtilsTests.a in Frameworks */,
			);
			runOnlyForDeploymentPostprocessing = 0;
		};
/* End PBXFrameworksBuildPhase section */

/* Begin PBXGroup section */
		00E356EF1AD99517003FC87E /* DesmosProfileManagerTests */ = {
			isa = PBXGroup;
			children = (
				00E356F21AD99517003FC87E /* DesmosProfileManagerTests.m */,
				00E356F01AD99517003FC87E /* Supporting Files */,
			);
			path = DesmosProfileManagerTests;
			sourceTree = "<group>";
		};
		00E356F01AD99517003FC87E /* Supporting Files */ = {
			isa = PBXGroup;
			children = (
				00E356F11AD99517003FC87E /* Info.plist */,
			);
			name = "Supporting Files";
			sourceTree = "<group>";
		};
		13B07FAE1A68108700A75B9A /* DesmosProfileManager */ = {
			isa = PBXGroup;
			children = (
				13B07FAF1A68108700A75B9A /* AppDelegate.h */,
				13B07FB01A68108700A75B9A /* AppDelegate.m */,
				13B07FB51A68108700A75B9A /* Images.xcassets */,
				13B07FB61A68108700A75B9A /* Info.plist */,
				81AB9BB72411601600AC10FF /* LaunchScreen.storyboard */,
				13B07FB71A68108700A75B9A /* main.m */,
				A789FD3E270CA2AE00EFC6CF /* RCTCryptoUtils.m */,
				A789FD3C270CA25F00EFC6CF /* RCTCryptoUtils.swift */,
				A789FD3B270CA25E00EFC6CF /* DesmosProfileManager-Bridging-Header.h */,
			);
			name = DesmosProfileManager;
			sourceTree = "<group>";
		};
		2D16E6871FA4F8E400B85C8A /* Frameworks */ = {
			isa = PBXGroup;
			children = (
				ED297162215061F000B7C4FE /* JavaScriptCore.framework */,
				306AEECA0B58C9F8022AB368 /* libPods-DesmosProfileManager.a */,
				974794EDB5E9F632DCF31CD9 /* libPods-DesmosProfileManager-DesmosProfileManagerTests.a */,
				9DA4AD69EF3CFF1B336E0971 /* libPods-DesmosProfileManager-RCTCryptoUtilsTests.a */,
			);
			name = Frameworks;
			sourceTree = "<group>";
		};
		739B6468C0237FC0C95D56ED /* Pods */ = {
			isa = PBXGroup;
			children = (
				8C25932F2FA5BE96256DCC9E /* Pods-DesmosProfileManager.debug.xcconfig */,
				4A9F16BE5A9A1926A3D3E218 /* Pods-DesmosProfileManager.release.xcconfig */,
				F4ACCAF0BDA95CC09DB6D308 /* Pods-DesmosProfileManager-DesmosProfileManagerTests.debug.xcconfig */,
				ECAF28AE528752C204F5294A /* Pods-DesmosProfileManager-DesmosProfileManagerTests.release.xcconfig */,
				F4CCEB3A72DFECF367E2CC5D /* Pods-RCTCryptoUtilsTests.debug.xcconfig */,
				31467935E441053EFDF89256 /* Pods-RCTCryptoUtilsTests.release.xcconfig */,
				FBC25241171DC577552836CC /* Pods-DesmosProfileManager-RCTCryptoUtilsTests.debug.xcconfig */,
				8056E480C5BC26D54EC213A9 /* Pods-DesmosProfileManager-RCTCryptoUtilsTests.release.xcconfig */,
			);
			path = Pods;
			sourceTree = "<group>";
		};
		832341AE1AAA6A7D00B99B32 /* Libraries */ = {
			isa = PBXGroup;
			children = (
			);
			name = Libraries;
			sourceTree = "<group>";
		};
		83CBB9F61A601CBA00E9B192 = {
			isa = PBXGroup;
			children = (
				13B07FAE1A68108700A75B9A /* DesmosProfileManager */,
				832341AE1AAA6A7D00B99B32 /* Libraries */,
				00E356EF1AD99517003FC87E /* DesmosProfileManagerTests */,
				A701DE7E270DFC070092C404 /* RCTCryptoUtilsTests */,
				83CBBA001A601CBA00E9B192 /* Products */,
				2D16E6871FA4F8E400B85C8A /* Frameworks */,
				D66B581A1E4B41A08C48EC3A /* Resources */,
				739B6468C0237FC0C95D56ED /* Pods */,
			);
			indentWidth = 2;
			sourceTree = "<group>";
			tabWidth = 2;
			usesTabs = 0;
		};
		83CBBA001A601CBA00E9B192 /* Products */ = {
			isa = PBXGroup;
			children = (
				13B07F961A680F5B00A75B9A /* DesmosProfileManager.app */,
				00E356EE1AD99517003FC87E /* DesmosProfileManagerTests.xctest */,
				A701DE7D270DFC070092C404 /* RCTCryptoUtilsTests.xctest */,
			);
			name = Products;
			sourceTree = "<group>";
		};
		A701DE7E270DFC070092C404 /* RCTCryptoUtilsTests */ = {
			isa = PBXGroup;
			children = (
				A701DE7F270DFC070092C404 /* RCTCryptoUtilsTests.swift */,
			);
			path = RCTCryptoUtilsTests;
			sourceTree = "<group>";
		};
		D66B581A1E4B41A08C48EC3A /* Resources */ = {
			isa = PBXGroup;
			children = (
				368EE92ED07F4198875A23BC /* AntDesign.ttf */,
				5F686463C7C642C98DB6BF70 /* Entypo.ttf */,
				E34A2C5CAAC8459F8D887101 /* EvilIcons.ttf */,
				03F2F4E3CB714913B7B5D4BC /* Feather.ttf */,
				B030A1C7CB4E4C4F98C12B7E /* FontAwesome.ttf */,
				074621ED936F4F43A6D0BA1D /* FontAwesome5_Brands.ttf */,
				89FE99CA0F8B4B35AC97EEB4 /* FontAwesome5_Regular.ttf */,
				9EABCC2A8BA34E11B34155B2 /* FontAwesome5_Solid.ttf */,
				818B79F14BB14583BBB4E3AB /* Fontisto.ttf */,
				4BB2656503FB4C8BBB4C556C /* Foundation.ttf */,
				BFD5F878002B449DA26EC9B3 /* Ionicons.ttf */,
				EBF98EC78B7941B69F44E9C7 /* MaterialCommunityIcons.ttf */,
				7097FC34307D4347A9EDD53F /* MaterialIcons.ttf */,
				47D2700756EC45589495227F /* Octicons.ttf */,
				2CB4529CE0F942D19BD2A37A /* SimpleLineIcons.ttf */,
				3C4693598A8A4594A31A84CE /* Zocial.ttf */,
				F46470D4008B41079D9374EF /* desmos.ttf */,
				E3457559EF2E4BB1AF51DEC3 /* Poppins-Black.ttf */,
				FF94A306EFE1444E81553804 /* Poppins-BlackItalic.ttf */,
				4D67F36C44B0405991126A22 /* Poppins-Bold.ttf */,
				9D9D0461843A47EEB71EC40C /* Poppins-BoldItalic.ttf */,
				A04B88C22A2D438B97F332BE /* Poppins-ExtraBold.ttf */,
				8E40F3F35BD847558FAA0F54 /* Poppins-ExtraBoldItalic.ttf */,
				EFA30568E65844538BEA4D1A /* Poppins-ExtraLight.ttf */,
				B31412A568D14CE4A0962F9F /* Poppins-ExtraLightItalic.ttf */,
				639E5BF81311469F86C9DAEE /* Poppins-Italic.ttf */,
				CFF5CCE419D8475C9536182A /* Poppins-Light.ttf */,
				3F3F50407EBD4E28867C49E7 /* Poppins-LightItalic.ttf */,
				3E15D5EF91694AD88C66B223 /* Poppins-Medium.ttf */,
				320F2F417D29497F8F5B0F47 /* Poppins-MediumItalic.ttf */,
				62098569FC5B44D494CCCF64 /* Poppins-Regular.ttf */,
				BD3C72ADB6DD44599D196CE8 /* Poppins-SemiBold.ttf */,
				21CF693A34F54D63AEC13483 /* Poppins-SemiBoldItalic.ttf */,
				B78C87878C2145B1995F55B7 /* Poppins-Thin.ttf */,
				E69974F401C44E90B1C6B282 /* Poppins-ThinItalic.ttf */,
			);
			name = Resources;
			sourceTree = "<group>";
		};
/* End PBXGroup section */

/* Begin PBXNativeTarget section */
		00E356ED1AD99517003FC87E /* DesmosProfileManagerTests */ = {
			isa = PBXNativeTarget;
			buildConfigurationList = 00E357021AD99517003FC87E /* Build configuration list for PBXNativeTarget "DesmosProfileManagerTests" */;
			buildPhases = (
				6493495C14F091B7086AD861 /* [CP] Check Pods Manifest.lock */,
				00E356EA1AD99517003FC87E /* Sources */,
				00E356EB1AD99517003FC87E /* Frameworks */,
				00E356EC1AD99517003FC87E /* Resources */,
				4512240F22E7866187ED1FF1 /* [CP] Embed Pods Frameworks */,
				4F5FAE5F0E1613CE117CC5CD /* [CP] Copy Pods Resources */,
			);
			buildRules = (
			);
			dependencies = (
				00E356F51AD99517003FC87E /* PBXTargetDependency */,
			);
			name = DesmosProfileManagerTests;
			productName = DesmosProfileManagerTests;
			productReference = 00E356EE1AD99517003FC87E /* DesmosProfileManagerTests.xctest */;
			productType = "com.apple.product-type.bundle.unit-test";
		};
		13B07F861A680F5B00A75B9A /* DesmosProfileManager */ = {
			isa = PBXNativeTarget;
			buildConfigurationList = 13B07F931A680F5B00A75B9A /* Build configuration list for PBXNativeTarget "DesmosProfileManager" */;
			buildPhases = (
				B1C5E8558B9ABE8DEDCD9D8D /* [CP] Check Pods Manifest.lock */,
				FD10A7F022414F080027D42C /* Start Packager */,
				13B07F871A680F5B00A75B9A /* Sources */,
				13B07F8C1A680F5B00A75B9A /* Frameworks */,
				13B07F8E1A680F5B00A75B9A /* Resources */,
				00DD1BFF1BD5951E006B06BC /* Bundle React Native code and images */,
				8032FA668ED07F78A0C158B1 /* [CP] Embed Pods Frameworks */,
				EE4E097777086FC0CE75C823 /* [CP] Copy Pods Resources */,
			);
			buildRules = (
			);
			dependencies = (
			);
			name = DesmosProfileManager;
			productName = DesmosProfileManager;
			productReference = 13B07F961A680F5B00A75B9A /* DesmosProfileManager.app */;
			productType = "com.apple.product-type.application";
		};
		A701DE7C270DFC070092C404 /* RCTCryptoUtilsTests */ = {
			isa = PBXNativeTarget;
			buildConfigurationList = A701DE85270DFC070092C404 /* Build configuration list for PBXNativeTarget "RCTCryptoUtilsTests" */;
			buildPhases = (
				F96E9193A09F024D82E94C52 /* [CP] Check Pods Manifest.lock */,
				A701DE79270DFC070092C404 /* Sources */,
				A701DE7A270DFC070092C404 /* Frameworks */,
				A701DE7B270DFC070092C404 /* Resources */,
				6C7D13764C2FCB99A8FF079C /* [CP] Embed Pods Frameworks */,
				ACD726D1D9E2CB367E29C159 /* [CP] Copy Pods Resources */,
			);
			buildRules = (
			);
			dependencies = (
				A701DE82270DFC070092C404 /* PBXTargetDependency */,
			);
			name = RCTCryptoUtilsTests;
			productName = RCTCryptoUtilsTests;
			productReference = A701DE7D270DFC070092C404 /* RCTCryptoUtilsTests.xctest */;
			productType = "com.apple.product-type.bundle.unit-test";
		};
/* End PBXNativeTarget section */

/* Begin PBXProject section */
		83CBB9F71A601CBA00E9B192 /* Project object */ = {
			isa = PBXProject;
			attributes = {
				LastSwiftUpdateCheck = 1300;
				LastUpgradeCheck = 1300;
				TargetAttributes = {
					00E356ED1AD99517003FC87E = {
						CreatedOnToolsVersion = 6.2;
						TestTargetID = 13B07F861A680F5B00A75B9A;
					};
					13B07F861A680F5B00A75B9A = {
						LastSwiftMigration = 1250;
					};
					A701DE7C270DFC070092C404 = {
						CreatedOnToolsVersion = 13.0;
						TestTargetID = 13B07F861A680F5B00A75B9A;
					};
				};
			};
			buildConfigurationList = 83CBB9FA1A601CBA00E9B192 /* Build configuration list for PBXProject "DesmosProfileManager" */;
			compatibilityVersion = "Xcode 12.0";
			developmentRegion = en;
			hasScannedForEncodings = 0;
			knownRegions = (
				en,
				Base,
			);
			mainGroup = 83CBB9F61A601CBA00E9B192;
			productRefGroup = 83CBBA001A601CBA00E9B192 /* Products */;
			projectDirPath = "";
			projectRoot = "";
			targets = (
				13B07F861A680F5B00A75B9A /* DesmosProfileManager */,
				00E356ED1AD99517003FC87E /* DesmosProfileManagerTests */,
				A701DE7C270DFC070092C404 /* RCTCryptoUtilsTests */,
			);
		};
/* End PBXProject section */

/* Begin PBXResourcesBuildPhase section */
		00E356EC1AD99517003FC87E /* Resources */ = {
			isa = PBXResourcesBuildPhase;
			buildActionMask = 2147483647;
			files = (
			);
			runOnlyForDeploymentPostprocessing = 0;
		};
		13B07F8E1A680F5B00A75B9A /* Resources */ = {
			isa = PBXResourcesBuildPhase;
			buildActionMask = 2147483647;
			files = (
				81AB9BB82411601600AC10FF /* LaunchScreen.storyboard in Resources */,
				13B07FBF1A68108700A75B9A /* Images.xcassets in Resources */,
				0886D6E1AC51494CB60C05A2 /* desmos.ttf in Resources */,
				70B78DACAD0A41A7BD3FA46E /* Poppins-Black.ttf in Resources */,
				8B3C032F597F44A09A083818 /* Poppins-BlackItalic.ttf in Resources */,
				922570EF41A14BD9B772045F /* Poppins-Bold.ttf in Resources */,
				28BB3B5DE0514D84A628CC14 /* Poppins-BoldItalic.ttf in Resources */,
				B9E40D5F9E7D4C64B7C04303 /* Poppins-ExtraBold.ttf in Resources */,
				D66B16713C8C42A5811E8E29 /* Poppins-ExtraBoldItalic.ttf in Resources */,
				AEC82896316F4BBE8FFE44CA /* Poppins-ExtraLight.ttf in Resources */,
				C44315ACF702480EA9DC4E97 /* Poppins-ExtraLightItalic.ttf in Resources */,
				A5332E395EE647A4A873F975 /* Poppins-Italic.ttf in Resources */,
				4C3F9D5B8C224B46A3FC6D6B /* Poppins-Light.ttf in Resources */,
				D94C7B441B8B40A795BF011B /* Poppins-LightItalic.ttf in Resources */,
				7F1492D2B6EE447C8B615584 /* Poppins-Medium.ttf in Resources */,
				68985BE6EB6E4E08B7BF876C /* Poppins-MediumItalic.ttf in Resources */,
				C86D3C088AF74C05B709D615 /* Poppins-Regular.ttf in Resources */,
				BB19B35A66104743AC1C7084 /* Poppins-SemiBold.ttf in Resources */,
				6FA7EE685E124F52A451502C /* Poppins-SemiBoldItalic.ttf in Resources */,
				E3575F8BBEE045F59114EFB8 /* Poppins-Thin.ttf in Resources */,
				405DCBF81F0847B5AE9836A7 /* Poppins-ThinItalic.ttf in Resources */,
			);
			runOnlyForDeploymentPostprocessing = 0;
		};
		A701DE7B270DFC070092C404 /* Resources */ = {
			isa = PBXResourcesBuildPhase;
			buildActionMask = 2147483647;
			files = (
			);
			runOnlyForDeploymentPostprocessing = 0;
		};
/* End PBXResourcesBuildPhase section */

/* Begin PBXShellScriptBuildPhase section */
		00DD1BFF1BD5951E006B06BC /* Bundle React Native code and images */ = {
			isa = PBXShellScriptBuildPhase;
			buildActionMask = 2147483647;
			files = (
			);
			inputPaths = (
			);
			name = "Bundle React Native code and images";
			outputPaths = (
			);
			runOnlyForDeploymentPostprocessing = 0;
			shellPath = /bin/sh;
			shellScript = "set -e\n\nexport NODE_BINARY=node\n../node_modules/react-native/scripts/react-native-xcode.sh\n";
		};
		4512240F22E7866187ED1FF1 /* [CP] Embed Pods Frameworks */ = {
			isa = PBXShellScriptBuildPhase;
			buildActionMask = 2147483647;
			files = (
			);
			inputFileListPaths = (
				"${PODS_ROOT}/Target Support Files/Pods-DesmosProfileManager-DesmosProfileManagerTests/Pods-DesmosProfileManager-DesmosProfileManagerTests-frameworks-${CONFIGURATION}-input-files.xcfilelist",
			);
			name = "[CP] Embed Pods Frameworks";
			outputFileListPaths = (
				"${PODS_ROOT}/Target Support Files/Pods-DesmosProfileManager-DesmosProfileManagerTests/Pods-DesmosProfileManager-DesmosProfileManagerTests-frameworks-${CONFIGURATION}-output-files.xcfilelist",
			);
			runOnlyForDeploymentPostprocessing = 0;
			shellPath = /bin/sh;
			shellScript = "\"${PODS_ROOT}/Target Support Files/Pods-DesmosProfileManager-DesmosProfileManagerTests/Pods-DesmosProfileManager-DesmosProfileManagerTests-frameworks.sh\"\n";
			showEnvVarsInLog = 0;
		};
		4F5FAE5F0E1613CE117CC5CD /* [CP] Copy Pods Resources */ = {
			isa = PBXShellScriptBuildPhase;
			buildActionMask = 2147483647;
			files = (
			);
			inputFileListPaths = (
				"${PODS_ROOT}/Target Support Files/Pods-DesmosProfileManager-DesmosProfileManagerTests/Pods-DesmosProfileManager-DesmosProfileManagerTests-resources-${CONFIGURATION}-input-files.xcfilelist",
			);
			name = "[CP] Copy Pods Resources";
			outputFileListPaths = (
				"${PODS_ROOT}/Target Support Files/Pods-DesmosProfileManager-DesmosProfileManagerTests/Pods-DesmosProfileManager-DesmosProfileManagerTests-resources-${CONFIGURATION}-output-files.xcfilelist",
			);
			runOnlyForDeploymentPostprocessing = 0;
			shellPath = /bin/sh;
			shellScript = "\"${PODS_ROOT}/Target Support Files/Pods-DesmosProfileManager-DesmosProfileManagerTests/Pods-DesmosProfileManager-DesmosProfileManagerTests-resources.sh\"\n";
			showEnvVarsInLog = 0;
		};
		6493495C14F091B7086AD861 /* [CP] Check Pods Manifest.lock */ = {
			isa = PBXShellScriptBuildPhase;
			buildActionMask = 2147483647;
			files = (
			);
			inputFileListPaths = (
			);
			inputPaths = (
				"${PODS_PODFILE_DIR_PATH}/Podfile.lock",
				"${PODS_ROOT}/Manifest.lock",
			);
			name = "[CP] Check Pods Manifest.lock";
			outputFileListPaths = (
			);
			outputPaths = (
				"$(DERIVED_FILE_DIR)/Pods-DesmosProfileManager-DesmosProfileManagerTests-checkManifestLockResult.txt",
			);
			runOnlyForDeploymentPostprocessing = 0;
			shellPath = /bin/sh;
			shellScript = "diff \"${PODS_PODFILE_DIR_PATH}/Podfile.lock\" \"${PODS_ROOT}/Manifest.lock\" > /dev/null\nif [ $? != 0 ] ; then\n    # print error to STDERR\n    echo \"error: The sandbox is not in sync with the Podfile.lock. Run 'pod install' or update your CocoaPods installation.\" >&2\n    exit 1\nfi\n# This output is used by Xcode 'outputs' to avoid re-running this script phase.\necho \"SUCCESS\" > \"${SCRIPT_OUTPUT_FILE_0}\"\n";
			showEnvVarsInLog = 0;
		};
		6C7D13764C2FCB99A8FF079C /* [CP] Embed Pods Frameworks */ = {
			isa = PBXShellScriptBuildPhase;
			buildActionMask = 2147483647;
			files = (
			);
			inputFileListPaths = (
				"${PODS_ROOT}/Target Support Files/Pods-DesmosProfileManager-RCTCryptoUtilsTests/Pods-DesmosProfileManager-RCTCryptoUtilsTests-frameworks-${CONFIGURATION}-input-files.xcfilelist",
			);
			name = "[CP] Embed Pods Frameworks";
			outputFileListPaths = (
				"${PODS_ROOT}/Target Support Files/Pods-DesmosProfileManager-RCTCryptoUtilsTests/Pods-DesmosProfileManager-RCTCryptoUtilsTests-frameworks-${CONFIGURATION}-output-files.xcfilelist",
			);
			runOnlyForDeploymentPostprocessing = 0;
			shellPath = /bin/sh;
			shellScript = "\"${PODS_ROOT}/Target Support Files/Pods-DesmosProfileManager-RCTCryptoUtilsTests/Pods-DesmosProfileManager-RCTCryptoUtilsTests-frameworks.sh\"\n";
			showEnvVarsInLog = 0;
		};
		8032FA668ED07F78A0C158B1 /* [CP] Embed Pods Frameworks */ = {
			isa = PBXShellScriptBuildPhase;
			buildActionMask = 2147483647;
			files = (
			);
			inputFileListPaths = (
				"${PODS_ROOT}/Target Support Files/Pods-DesmosProfileManager/Pods-DesmosProfileManager-frameworks-${CONFIGURATION}-input-files.xcfilelist",
			);
			name = "[CP] Embed Pods Frameworks";
			outputFileListPaths = (
				"${PODS_ROOT}/Target Support Files/Pods-DesmosProfileManager/Pods-DesmosProfileManager-frameworks-${CONFIGURATION}-output-files.xcfilelist",
			);
			runOnlyForDeploymentPostprocessing = 0;
			shellPath = /bin/sh;
			shellScript = "\"${PODS_ROOT}/Target Support Files/Pods-DesmosProfileManager/Pods-DesmosProfileManager-frameworks.sh\"\n";
			showEnvVarsInLog = 0;
		};
		ACD726D1D9E2CB367E29C159 /* [CP] Copy Pods Resources */ = {
			isa = PBXShellScriptBuildPhase;
			buildActionMask = 2147483647;
			files = (
			);
			inputFileListPaths = (
				"${PODS_ROOT}/Target Support Files/Pods-DesmosProfileManager-RCTCryptoUtilsTests/Pods-DesmosProfileManager-RCTCryptoUtilsTests-resources-${CONFIGURATION}-input-files.xcfilelist",
			);
			name = "[CP] Copy Pods Resources";
			outputFileListPaths = (
				"${PODS_ROOT}/Target Support Files/Pods-DesmosProfileManager-RCTCryptoUtilsTests/Pods-DesmosProfileManager-RCTCryptoUtilsTests-resources-${CONFIGURATION}-output-files.xcfilelist",
			);
			runOnlyForDeploymentPostprocessing = 0;
			shellPath = /bin/sh;
			shellScript = "\"${PODS_ROOT}/Target Support Files/Pods-DesmosProfileManager-RCTCryptoUtilsTests/Pods-DesmosProfileManager-RCTCryptoUtilsTests-resources.sh\"\n";
			showEnvVarsInLog = 0;
		};
		B1C5E8558B9ABE8DEDCD9D8D /* [CP] Check Pods Manifest.lock */ = {
			isa = PBXShellScriptBuildPhase;
			buildActionMask = 2147483647;
			files = (
			);
			inputFileListPaths = (
			);
			inputPaths = (
				"${PODS_PODFILE_DIR_PATH}/Podfile.lock",
				"${PODS_ROOT}/Manifest.lock",
			);
			name = "[CP] Check Pods Manifest.lock";
			outputFileListPaths = (
			);
			outputPaths = (
				"$(DERIVED_FILE_DIR)/Pods-DesmosProfileManager-checkManifestLockResult.txt",
			);
			runOnlyForDeploymentPostprocessing = 0;
			shellPath = /bin/sh;
			shellScript = "diff \"${PODS_PODFILE_DIR_PATH}/Podfile.lock\" \"${PODS_ROOT}/Manifest.lock\" > /dev/null\nif [ $? != 0 ] ; then\n    # print error to STDERR\n    echo \"error: The sandbox is not in sync with the Podfile.lock. Run 'pod install' or update your CocoaPods installation.\" >&2\n    exit 1\nfi\n# This output is used by Xcode 'outputs' to avoid re-running this script phase.\necho \"SUCCESS\" > \"${SCRIPT_OUTPUT_FILE_0}\"\n";
			showEnvVarsInLog = 0;
		};
		EE4E097777086FC0CE75C823 /* [CP] Copy Pods Resources */ = {
			isa = PBXShellScriptBuildPhase;
			buildActionMask = 2147483647;
			files = (
			);
			inputFileListPaths = (
				"${PODS_ROOT}/Target Support Files/Pods-DesmosProfileManager/Pods-DesmosProfileManager-resources-${CONFIGURATION}-input-files.xcfilelist",
			);
			name = "[CP] Copy Pods Resources";
			outputFileListPaths = (
				"${PODS_ROOT}/Target Support Files/Pods-DesmosProfileManager/Pods-DesmosProfileManager-resources-${CONFIGURATION}-output-files.xcfilelist",
			);
			runOnlyForDeploymentPostprocessing = 0;
			shellPath = /bin/sh;
			shellScript = "\"${PODS_ROOT}/Target Support Files/Pods-DesmosProfileManager/Pods-DesmosProfileManager-resources.sh\"\n";
			showEnvVarsInLog = 0;
		};
		F96E9193A09F024D82E94C52 /* [CP] Check Pods Manifest.lock */ = {
			isa = PBXShellScriptBuildPhase;
			buildActionMask = 2147483647;
			files = (
			);
			inputFileListPaths = (
			);
			inputPaths = (
				"${PODS_PODFILE_DIR_PATH}/Podfile.lock",
				"${PODS_ROOT}/Manifest.lock",
			);
			name = "[CP] Check Pods Manifest.lock";
			outputFileListPaths = (
			);
			outputPaths = (
				"$(DERIVED_FILE_DIR)/Pods-DesmosProfileManager-RCTCryptoUtilsTests-checkManifestLockResult.txt",
			);
			runOnlyForDeploymentPostprocessing = 0;
			shellPath = /bin/sh;
			shellScript = "diff \"${PODS_PODFILE_DIR_PATH}/Podfile.lock\" \"${PODS_ROOT}/Manifest.lock\" > /dev/null\nif [ $? != 0 ] ; then\n    # print error to STDERR\n    echo \"error: The sandbox is not in sync with the Podfile.lock. Run 'pod install' or update your CocoaPods installation.\" >&2\n    exit 1\nfi\n# This output is used by Xcode 'outputs' to avoid re-running this script phase.\necho \"SUCCESS\" > \"${SCRIPT_OUTPUT_FILE_0}\"\n";
			showEnvVarsInLog = 0;
		};
		FD10A7F022414F080027D42C /* Start Packager */ = {
			isa = PBXShellScriptBuildPhase;
			buildActionMask = 2147483647;
			files = (
			);
			inputFileListPaths = (
			);
			inputPaths = (
			);
			name = "Start Packager";
			outputFileListPaths = (
			);
			outputPaths = (
			);
			runOnlyForDeploymentPostprocessing = 0;
			shellPath = /bin/sh;
			shellScript = "export RCT_METRO_PORT=\"${RCT_METRO_PORT:=8081}\"\necho \"export RCT_METRO_PORT=${RCT_METRO_PORT}\" > \"${SRCROOT}/../node_modules/react-native/scripts/.packager.env\"\nif [ -z \"${RCT_NO_LAUNCH_PACKAGER+xxx}\" ] ; then\n  if nc -w 5 -z localhost ${RCT_METRO_PORT} ; then\n    if ! curl -s \"http://localhost:${RCT_METRO_PORT}/status\" | grep -q \"packager-status:running\" ; then\n      echo \"Port ${RCT_METRO_PORT} already in use, packager is either not running or not running correctly\"\n      exit 2\n    fi\n  else\n    open \"$SRCROOT/../node_modules/react-native/scripts/launchPackager.command\" || echo \"Can't start packager automatically\"\n  fi\nfi\n";
			showEnvVarsInLog = 0;
		};
/* End PBXShellScriptBuildPhase section */

/* Begin PBXSourcesBuildPhase section */
		00E356EA1AD99517003FC87E /* Sources */ = {
			isa = PBXSourcesBuildPhase;
			buildActionMask = 2147483647;
			files = (
				00E356F31AD99517003FC87E /* DesmosProfileManagerTests.m in Sources */,
			);
			runOnlyForDeploymentPostprocessing = 0;
		};
		13B07F871A680F5B00A75B9A /* Sources */ = {
			isa = PBXSourcesBuildPhase;
			buildActionMask = 2147483647;
			files = (
				13B07FBC1A68108700A75B9A /* AppDelegate.m in Sources */,
				A789FD3D270CA25F00EFC6CF /* RCTCryptoUtils.swift in Sources */,
				A789FD3F270CA2AE00EFC6CF /* RCTCryptoUtils.m in Sources */,
				13B07FC11A68108700A75B9A /* main.m in Sources */,
			);
			runOnlyForDeploymentPostprocessing = 0;
		};
		A701DE79270DFC070092C404 /* Sources */ = {
			isa = PBXSourcesBuildPhase;
			buildActionMask = 2147483647;
			files = (
				A701DE80270DFC070092C404 /* RCTCryptoUtilsTests.swift in Sources */,
			);
			runOnlyForDeploymentPostprocessing = 0;
		};
/* End PBXSourcesBuildPhase section */

/* Begin PBXTargetDependency section */
		00E356F51AD99517003FC87E /* PBXTargetDependency */ = {
			isa = PBXTargetDependency;
			target = 13B07F861A680F5B00A75B9A /* DesmosProfileManager */;
			targetProxy = 00E356F41AD99517003FC87E /* PBXContainerItemProxy */;
		};
		A701DE82270DFC070092C404 /* PBXTargetDependency */ = {
			isa = PBXTargetDependency;
			target = 13B07F861A680F5B00A75B9A /* DesmosProfileManager */;
			targetProxy = A701DE81270DFC070092C404 /* PBXContainerItemProxy */;
		};
/* End PBXTargetDependency section */

/* Begin XCBuildConfiguration section */
		00E356F61AD99517003FC87E /* Debug */ = {
			isa = XCBuildConfiguration;
			baseConfigurationReference = F4ACCAF0BDA95CC09DB6D308 /* Pods-DesmosProfileManager-DesmosProfileManagerTests.debug.xcconfig */;
			buildSettings = {
				ALWAYS_EMBED_SWIFT_STANDARD_LIBRARIES = YES;
				BUNDLE_LOADER = "$(TEST_HOST)";
				CODE_SIGN_IDENTITY = "Apple Development";
				"CODE_SIGN_IDENTITY[sdk=macosx*]" = "Apple Development";
				CODE_SIGN_STYLE = Manual;
				DEVELOPMENT_TEAM = ZG4MHA66YZ;
				GCC_PREPROCESSOR_DEFINITIONS = (
					"DEBUG=1",
					"$(inherited)",
				);
				INFOPLIST_FILE = DesmosProfileManagerTests/Info.plist;
				IPHONEOS_DEPLOYMENT_TARGET = 12.0;
				LD_RUNPATH_SEARCH_PATHS = (
					"$(inherited)",
					"@executable_path/Frameworks",
					"@loader_path/Frameworks",
				);
				OTHER_LDFLAGS = (
					"-ObjC",
					"-lc++",
					"$(inherited)",
				);
				PRODUCT_BUNDLE_IDENTIFIER = "org.reactjs.native.example.$(PRODUCT_NAME:rfc1034identifier)";
				PRODUCT_NAME = "$(TARGET_NAME)";
				PROVISIONING_PROFILE_SPECIFIER = "";
				"PROVISIONING_PROFILE_SPECIFIER[sdk=macosx*]" = "";
				TEST_HOST = "$(BUILT_PRODUCTS_DIR)/DesmosProfileManager.app/DesmosProfileManager";
			};
			name = Debug;
		};
		00E356F71AD99517003FC87E /* Release */ = {
			isa = XCBuildConfiguration;
			baseConfigurationReference = ECAF28AE528752C204F5294A /* Pods-DesmosProfileManager-DesmosProfileManagerTests.release.xcconfig */;
			buildSettings = {
				ALWAYS_EMBED_SWIFT_STANDARD_LIBRARIES = YES;
				BUNDLE_LOADER = "$(TEST_HOST)";
				CODE_SIGN_IDENTITY = "Apple Development";
				"CODE_SIGN_IDENTITY[sdk=macosx*]" = "Apple Development";
				CODE_SIGN_STYLE = Manual;
				COPY_PHASE_STRIP = NO;
				DEVELOPMENT_TEAM = ZG4MHA66YZ;
				INFOPLIST_FILE = DesmosProfileManagerTests/Info.plist;
				IPHONEOS_DEPLOYMENT_TARGET = 12.0;
				LD_RUNPATH_SEARCH_PATHS = (
					"$(inherited)",
					"@executable_path/Frameworks",
					"@loader_path/Frameworks",
				);
				OTHER_LDFLAGS = (
					"-ObjC",
					"-lc++",
					"$(inherited)",
				);
				PRODUCT_BUNDLE_IDENTIFIER = "org.reactjs.native.example.$(PRODUCT_NAME:rfc1034identifier)";
				PRODUCT_NAME = "$(TARGET_NAME)";
				PROVISIONING_PROFILE_SPECIFIER = "";
				"PROVISIONING_PROFILE_SPECIFIER[sdk=macosx*]" = "";
				TEST_HOST = "$(BUILT_PRODUCTS_DIR)/DesmosProfileManager.app/DesmosProfileManager";
			};
			name = Release;
		};
		13B07F941A680F5B00A75B9A /* Debug */ = {
			isa = XCBuildConfiguration;
			baseConfigurationReference = 8C25932F2FA5BE96256DCC9E /* Pods-DesmosProfileManager.debug.xcconfig */;
			buildSettings = {
				ASSETCATALOG_COMPILER_APPICON_NAME = AppIcon;
				ASSETCATALOG_COMPILER_INCLUDE_ALL_APPICON_ASSETS = YES;
				CLANG_ENABLE_MODULES = YES;
				CODE_SIGN_IDENTITY = "iPhone Distribution";
				CODE_SIGN_STYLE = Manual;
				CURRENT_PROJECT_VERSION = 0.1.4;
				DEVELOPMENT_TEAM = S7CFLM85H9;
				ENABLE_BITCODE = NO;
				INFOPLIST_FILE = DesmosProfileManager/Info.plist;
				IPHONEOS_DEPLOYMENT_TARGET = 13.0;
				LD_RUNPATH_SEARCH_PATHS = (
					"$(inherited)",
					"@executable_path/Frameworks",
				);
				MARKETING_VERSION = 0.0.5;
				OTHER_LDFLAGS = (
					"$(inherited)",
					"-ObjC",
					"-lc++",
				);
				PRODUCT_BUNDLE_IDENTIFIER = network.desmos.dpm;
				PRODUCT_NAME = DesmosProfileManager;
				PROVISIONING_PROFILE_SPECIFIER = "match AppStore network.desmos.dpm";
				SWIFT_OBJC_BRIDGING_HEADER = "DesmosProfileManager-Bridging-Header.h";
				SWIFT_OPTIMIZATION_LEVEL = "-Onone";
				SWIFT_VERSION = 5.0;
				VERSIONING_SYSTEM = "apple-generic";
			};
			name = Debug;
		};
		13B07F951A680F5B00A75B9A /* Release */ = {
			isa = XCBuildConfiguration;
			baseConfigurationReference = 4A9F16BE5A9A1926A3D3E218 /* Pods-DesmosProfileManager.release.xcconfig */;
			buildSettings = {
				ASSETCATALOG_COMPILER_APPICON_NAME = AppIcon;
				ASSETCATALOG_COMPILER_INCLUDE_ALL_APPICON_ASSETS = YES;
				CLANG_ENABLE_MODULES = YES;
				CODE_SIGN_IDENTITY = "iPhone Distribution";
				CODE_SIGN_STYLE = Manual;
				CURRENT_PROJECT_VERSION = 0.1.4;
				DEVELOPMENT_TEAM = S7CFLM85H9;
				INFOPLIST_FILE = DesmosProfileManager/Info.plist;
				IPHONEOS_DEPLOYMENT_TARGET = 13.0;
				LD_RUNPATH_SEARCH_PATHS = (
					"$(inherited)",
					"@executable_path/Frameworks",
				);
				MARKETING_VERSION = 0.0.5;
				OTHER_LDFLAGS = (
					"$(inherited)",
					"-ObjC",
					"-lc++",
				);
				PRODUCT_BUNDLE_IDENTIFIER = network.desmos.dpm;
				PRODUCT_NAME = DesmosProfileManager;
				PROVISIONING_PROFILE_SPECIFIER = "match AppStore network.desmos.dpm";
				SWIFT_OBJC_BRIDGING_HEADER = "DesmosProfileManager-Bridging-Header.h";
				SWIFT_VERSION = 5.0;
				VERSIONING_SYSTEM = "apple-generic";
			};
			name = Release;
		};
		83CBBA201A601CBA00E9B192 /* Debug */ = {
			isa = XCBuildConfiguration;
			buildSettings = {
				ALWAYS_SEARCH_USER_PATHS = NO;
				CLANG_ANALYZER_LOCALIZABILITY_NONLOCALIZED = YES;
				CLANG_CXX_LANGUAGE_STANDARD = "gnu++0x";
				CLANG_CXX_LIBRARY = "libc++";
				CLANG_ENABLE_MODULES = YES;
				CLANG_ENABLE_OBJC_ARC = YES;
				CLANG_WARN_BLOCK_CAPTURE_AUTORELEASING = YES;
				CLANG_WARN_BOOL_CONVERSION = YES;
				CLANG_WARN_COMMA = YES;
				CLANG_WARN_CONSTANT_CONVERSION = YES;
				CLANG_WARN_DEPRECATED_OBJC_IMPLEMENTATIONS = YES;
				CLANG_WARN_DIRECT_OBJC_ISA_USAGE = YES_ERROR;
				CLANG_WARN_EMPTY_BODY = YES;
				CLANG_WARN_ENUM_CONVERSION = YES;
				CLANG_WARN_INFINITE_RECURSION = YES;
				CLANG_WARN_INT_CONVERSION = YES;
				CLANG_WARN_NON_LITERAL_NULL_CONVERSION = YES;
				CLANG_WARN_OBJC_IMPLICIT_RETAIN_SELF = YES;
				CLANG_WARN_OBJC_LITERAL_CONVERSION = YES;
				CLANG_WARN_OBJC_ROOT_CLASS = YES_ERROR;
				CLANG_WARN_QUOTED_INCLUDE_IN_FRAMEWORK_HEADER = YES;
				CLANG_WARN_RANGE_LOOP_ANALYSIS = YES;
				CLANG_WARN_STRICT_PROTOTYPES = YES;
				CLANG_WARN_SUSPICIOUS_MOVE = YES;
				CLANG_WARN_UNREACHABLE_CODE = YES;
				CLANG_WARN__DUPLICATE_METHOD_MATCH = YES;
				"CODE_SIGN_IDENTITY[sdk=iphoneos*]" = "iPhone Developer";
				COPY_PHASE_STRIP = NO;
				ENABLE_STRICT_OBJC_MSGSEND = YES;
				ENABLE_TESTABILITY = YES;
				"EXCLUDED_ARCHS[sdk=iphonesimulator*]" = "arm64 ";
				GCC_C_LANGUAGE_STANDARD = gnu99;
				GCC_DYNAMIC_NO_PIC = NO;
				GCC_NO_COMMON_BLOCKS = YES;
				GCC_OPTIMIZATION_LEVEL = 0;
				GCC_PREPROCESSOR_DEFINITIONS = (
					"DEBUG=1",
					"$(inherited)",
				);
				GCC_SYMBOLS_PRIVATE_EXTERN = NO;
				GCC_WARN_64_TO_32_BIT_CONVERSION = YES;
				GCC_WARN_ABOUT_RETURN_TYPE = YES_ERROR;
				GCC_WARN_UNDECLARED_SELECTOR = YES;
				GCC_WARN_UNINITIALIZED_AUTOS = YES_AGGRESSIVE;
				GCC_WARN_UNUSED_FUNCTION = YES;
				GCC_WARN_UNUSED_VARIABLE = YES;
				IPHONEOS_DEPLOYMENT_TARGET = 12.0;
				LD_RUNPATH_SEARCH_PATHS = (
					/usr/lib/swift,
					"$(inherited)",
				);
				LIBRARY_SEARCH_PATHS = (
					"\"$(TOOLCHAIN_DIR)/usr/lib/swift/$(PLATFORM_NAME)\"",
					"\"$(inherited)\"",
				);
				MTL_ENABLE_DEBUG_INFO = YES;
				ONLY_ACTIVE_ARCH = YES;
				SDKROOT = iphoneos;
			};
			name = Debug;
		};
		83CBBA211A601CBA00E9B192 /* Release */ = {
			isa = XCBuildConfiguration;
			buildSettings = {
				ALWAYS_SEARCH_USER_PATHS = NO;
				CLANG_ANALYZER_LOCALIZABILITY_NONLOCALIZED = YES;
				CLANG_CXX_LANGUAGE_STANDARD = "gnu++0x";
				CLANG_CXX_LIBRARY = "libc++";
				CLANG_ENABLE_MODULES = YES;
				CLANG_ENABLE_OBJC_ARC = YES;
				CLANG_WARN_BLOCK_CAPTURE_AUTORELEASING = YES;
				CLANG_WARN_BOOL_CONVERSION = YES;
				CLANG_WARN_COMMA = YES;
				CLANG_WARN_CONSTANT_CONVERSION = YES;
				CLANG_WARN_DEPRECATED_OBJC_IMPLEMENTATIONS = YES;
				CLANG_WARN_DIRECT_OBJC_ISA_USAGE = YES_ERROR;
				CLANG_WARN_EMPTY_BODY = YES;
				CLANG_WARN_ENUM_CONVERSION = YES;
				CLANG_WARN_INFINITE_RECURSION = YES;
				CLANG_WARN_INT_CONVERSION = YES;
				CLANG_WARN_NON_LITERAL_NULL_CONVERSION = YES;
				CLANG_WARN_OBJC_IMPLICIT_RETAIN_SELF = YES;
				CLANG_WARN_OBJC_LITERAL_CONVERSION = YES;
				CLANG_WARN_OBJC_ROOT_CLASS = YES_ERROR;
				CLANG_WARN_QUOTED_INCLUDE_IN_FRAMEWORK_HEADER = YES;
				CLANG_WARN_RANGE_LOOP_ANALYSIS = YES;
				CLANG_WARN_STRICT_PROTOTYPES = YES;
				CLANG_WARN_SUSPICIOUS_MOVE = YES;
				CLANG_WARN_UNREACHABLE_CODE = YES;
				CLANG_WARN__DUPLICATE_METHOD_MATCH = YES;
				"CODE_SIGN_IDENTITY[sdk=iphoneos*]" = "iPhone Developer";
				COPY_PHASE_STRIP = YES;
				ENABLE_NS_ASSERTIONS = NO;
				ENABLE_STRICT_OBJC_MSGSEND = YES;
				"EXCLUDED_ARCHS[sdk=iphonesimulator*]" = "arm64 ";
				GCC_C_LANGUAGE_STANDARD = gnu99;
				GCC_NO_COMMON_BLOCKS = YES;
				GCC_WARN_64_TO_32_BIT_CONVERSION = YES;
				GCC_WARN_ABOUT_RETURN_TYPE = YES_ERROR;
				GCC_WARN_UNDECLARED_SELECTOR = YES;
				GCC_WARN_UNINITIALIZED_AUTOS = YES_AGGRESSIVE;
				GCC_WARN_UNUSED_FUNCTION = YES;
				GCC_WARN_UNUSED_VARIABLE = YES;
				IPHONEOS_DEPLOYMENT_TARGET = 12.0;
				LD_RUNPATH_SEARCH_PATHS = (
					/usr/lib/swift,
					"$(inherited)",
				);
				LIBRARY_SEARCH_PATHS = (
					"\"$(TOOLCHAIN_DIR)/usr/lib/swift/$(PLATFORM_NAME)\"",
					"\"$(inherited)\"",
				);
				MTL_ENABLE_DEBUG_INFO = NO;
				SDKROOT = iphoneos;
				SWIFT_COMPILATION_MODE = wholemodule;
				VALIDATE_PRODUCT = YES;
			};
			name = Release;
		};
		A701DE83270DFC070092C404 /* Debug */ = {
			isa = XCBuildConfiguration;
			baseConfigurationReference = FBC25241171DC577552836CC /* Pods-DesmosProfileManager-RCTCryptoUtilsTests.debug.xcconfig */;
			buildSettings = {
				BUNDLE_LOADER = "$(TEST_HOST)";
				CLANG_ANALYZER_NONNULL = YES;
				CLANG_ANALYZER_NUMBER_OBJECT_CONVERSION = YES_AGGRESSIVE;
				CLANG_CXX_LANGUAGE_STANDARD = "gnu++17";
				CLANG_ENABLE_OBJC_WEAK = YES;
				CLANG_WARN_DOCUMENTATION_COMMENTS = YES;
				CLANG_WARN_UNGUARDED_AVAILABILITY = YES_AGGRESSIVE;
				CODE_SIGN_STYLE = Manual;
				CURRENT_PROJECT_VERSION = 1;
				DEBUG_INFORMATION_FORMAT = dwarf;
				DEVELOPMENT_TEAM = ZG4MHA66YZ;
				GCC_C_LANGUAGE_STANDARD = gnu11;
				GENERATE_INFOPLIST_FILE = YES;
				IPHONEOS_DEPLOYMENT_TARGET = 15.0;
				LD_RUNPATH_SEARCH_PATHS = (
					"$(inherited)",
					"@executable_path/Frameworks",
					"@loader_path/Frameworks",
				);
				MARKETING_VERSION = 1.0;
				MTL_ENABLE_DEBUG_INFO = INCLUDE_SOURCE;
				MTL_FAST_MATH = YES;
				PRODUCT_BUNDLE_IDENTIFIER = com.leonardo.bragagnolo.RCTCryptoUtilsTests;
				PRODUCT_NAME = "$(TARGET_NAME)";
				PROVISIONING_PROFILE_SPECIFIER = "";
				"PROVISIONING_PROFILE_SPECIFIER[sdk=macosx*]" = "";
				SWIFT_ACTIVE_COMPILATION_CONDITIONS = DEBUG;
				SWIFT_EMIT_LOC_STRINGS = NO;
				SWIFT_OPTIMIZATION_LEVEL = "-Onone";
				SWIFT_VERSION = 5.0;
				TARGETED_DEVICE_FAMILY = "1,2";
				TEST_HOST = "$(BUILT_PRODUCTS_DIR)/DesmosProfileManager.app/DesmosProfileManager";
			};
			name = Debug;
		};
		A701DE84270DFC070092C404 /* Release */ = {
			isa = XCBuildConfiguration;
			baseConfigurationReference = 8056E480C5BC26D54EC213A9 /* Pods-DesmosProfileManager-RCTCryptoUtilsTests.release.xcconfig */;
			buildSettings = {
				BUNDLE_LOADER = "$(TEST_HOST)";
				CLANG_ANALYZER_NONNULL = YES;
				CLANG_ANALYZER_NUMBER_OBJECT_CONVERSION = YES_AGGRESSIVE;
				CLANG_CXX_LANGUAGE_STANDARD = "gnu++17";
				CLANG_ENABLE_OBJC_WEAK = YES;
				CLANG_WARN_DOCUMENTATION_COMMENTS = YES;
				CLANG_WARN_UNGUARDED_AVAILABILITY = YES_AGGRESSIVE;
				CODE_SIGN_STYLE = Manual;
				COPY_PHASE_STRIP = NO;
				CURRENT_PROJECT_VERSION = 1;
				DEBUG_INFORMATION_FORMAT = "dwarf-with-dsym";
				DEVELOPMENT_TEAM = ZG4MHA66YZ;
				GCC_C_LANGUAGE_STANDARD = gnu11;
				GENERATE_INFOPLIST_FILE = YES;
				IPHONEOS_DEPLOYMENT_TARGET = 15.0;
				LD_RUNPATH_SEARCH_PATHS = (
					"$(inherited)",
					"@executable_path/Frameworks",
					"@loader_path/Frameworks",
				);
				MARKETING_VERSION = 1.0;
				MTL_FAST_MATH = YES;
				PRODUCT_BUNDLE_IDENTIFIER = com.leonardo.bragagnolo.RCTCryptoUtilsTests;
				PRODUCT_NAME = "$(TARGET_NAME)";
				PROVISIONING_PROFILE_SPECIFIER = "";
				"PROVISIONING_PROFILE_SPECIFIER[sdk=macosx*]" = "";
				SWIFT_COMPILATION_MODE = wholemodule;
				SWIFT_EMIT_LOC_STRINGS = NO;
				SWIFT_OPTIMIZATION_LEVEL = "-O";
				SWIFT_VERSION = 5.0;
				TARGETED_DEVICE_FAMILY = "1,2";
				TEST_HOST = "$(BUILT_PRODUCTS_DIR)/DesmosProfileManager.app/DesmosProfileManager";
			};
			name = Release;
		};
/* End XCBuildConfiguration section */

/* Begin XCConfigurationList section */
		00E357021AD99517003FC87E /* Build configuration list for PBXNativeTarget "DesmosProfileManagerTests" */ = {
			isa = XCConfigurationList;
			buildConfigurations = (
				00E356F61AD99517003FC87E /* Debug */,
				00E356F71AD99517003FC87E /* Release */,
			);
			defaultConfigurationIsVisible = 0;
			defaultConfigurationName = Release;
		};
		13B07F931A680F5B00A75B9A /* Build configuration list for PBXNativeTarget "DesmosProfileManager" */ = {
			isa = XCConfigurationList;
			buildConfigurations = (
				13B07F941A680F5B00A75B9A /* Debug */,
				13B07F951A680F5B00A75B9A /* Release */,
			);
			defaultConfigurationIsVisible = 0;
			defaultConfigurationName = Release;
		};
		83CBB9FA1A601CBA00E9B192 /* Build configuration list for PBXProject "DesmosProfileManager" */ = {
			isa = XCConfigurationList;
			buildConfigurations = (
				83CBBA201A601CBA00E9B192 /* Debug */,
				83CBBA211A601CBA00E9B192 /* Release */,
			);
			defaultConfigurationIsVisible = 0;
			defaultConfigurationName = Release;
		};
		A701DE85270DFC070092C404 /* Build configuration list for PBXNativeTarget "RCTCryptoUtilsTests" */ = {
			isa = XCConfigurationList;
			buildConfigurations = (
				A701DE83270DFC070092C404 /* Debug */,
				A701DE84270DFC070092C404 /* Release */,
			);
			defaultConfigurationIsVisible = 0;
			defaultConfigurationName = Release;
		};
/* End XCConfigurationList section */
	};
	rootObject = 83CBB9F71A601CBA00E9B192 /* Project object */;
}
